// !$*UTF8*$!
{
	archiveVersion = 1;
	classes = {
	};
	objectVersion = 56;
	objects = {

/* Begin PBXBuildFile section */
		7D8FFF922AB67971002784CF /* AppDelegate.swift in Sources */ = {isa = PBXBuildFile; fileRef = 7D8FFF912AB67971002784CF /* AppDelegate.swift */; };
		7D8FFF942AB67971002784CF /* SceneDelegate.swift in Sources */ = {isa = PBXBuildFile; fileRef = 7D8FFF932AB67971002784CF /* SceneDelegate.swift */; };
		7D8FFF962AB67971002784CF /* ViewController.swift in Sources */ = {isa = PBXBuildFile; fileRef = 7D8FFF952AB67971002784CF /* ViewController.swift */; };
		7D8FFF992AB67971002784CF /* Main.storyboard in Resources */ = {isa = PBXBuildFile; fileRef = 7D8FFF972AB67971002784CF /* Main.storyboard */; };
		7D8FFF9B2AB67973002784CF /* Assets.xcassets in Resources */ = {isa = PBXBuildFile; fileRef = 7D8FFF9A2AB67973002784CF /* Assets.xcassets */; };
		7D8FFF9E2AB67973002784CF /* LaunchScreen.storyboard in Resources */ = {isa = PBXBuildFile; fileRef = 7D8FFF9C2AB67973002784CF /* LaunchScreen.storyboard */; };
		7D8FFFA62AB7BE1B002784CF /* HomeTableViewHeader.xib in Resources */ = {isa = PBXBuildFile; fileRef = 7D8FFFA52AB7BE1B002784CF /* HomeTableViewHeader.xib */; };
		7D8FFFA82AB7C18A002784CF /* HomeTableViewHeader.swift in Sources */ = {isa = PBXBuildFile; fileRef = 7D8FFFA72AB7C18A002784CF /* HomeTableViewHeader.swift */; };
/* End PBXBuildFile section */

/* Begin PBXFileReference section */
		7D8FFF8E2AB67971002784CF /* AluraViagens.app */ = {isa = PBXFileReference; explicitFileType = wrapper.application; includeInIndex = 0; path = AluraViagens.app; sourceTree = BUILT_PRODUCTS_DIR; };
		7D8FFF912AB67971002784CF /* AppDelegate.swift */ = {isa = PBXFileReference; lastKnownFileType = sourcecode.swift; path = AppDelegate.swift; sourceTree = "<group>"; };
		7D8FFF932AB67971002784CF /* SceneDelegate.swift */ = {isa = PBXFileReference; lastKnownFileType = sourcecode.swift; path = SceneDelegate.swift; sourceTree = "<group>"; };
		7D8FFF952AB67971002784CF /* ViewController.swift */ = {isa = PBXFileReference; lastKnownFileType = sourcecode.swift; path = ViewController.swift; sourceTree = "<group>"; };
		7D8FFF982AB67971002784CF /* Base */ = {isa = PBXFileReference; lastKnownFileType = file.storyboard; name = Base; path = Base.lproj/Main.storyboard; sourceTree = "<group>"; };
		7D8FFF9A2AB67973002784CF /* Assets.xcassets */ = {isa = PBXFileReference; lastKnownFileType = folder.assetcatalog; path = Assets.xcassets; sourceTree = "<group>"; };
		7D8FFF9D2AB67973002784CF /* Base */ = {isa = PBXFileReference; lastKnownFileType = file.storyboard; name = Base; path = Base.lproj/LaunchScreen.storyboard; sourceTree = "<group>"; };
		7D8FFF9F2AB67973002784CF /* Info.plist */ = {isa = PBXFileReference; lastKnownFileType = text.plist.xml; path = Info.plist; sourceTree = "<group>"; };
		7D8FFFA52AB7BE1B002784CF /* HomeTableViewHeader.xib */ = {isa = PBXFileReference; lastKnownFileType = file.xib; path = HomeTableViewHeader.xib; sourceTree = "<group>"; };
		7D8FFFA72AB7C18A002784CF /* HomeTableViewHeader.swift */ = {isa = PBXFileReference; lastKnownFileType = sourcecode.swift; path = HomeTableViewHeader.swift; sourceTree = "<group>"; };
/* End PBXFileReference section */

/* Begin PBXFrameworksBuildPhase section */
		7D8FFF8B2AB67971002784CF /* Frameworks */ = {
			isa = PBXFrameworksBuildPhase;
			buildActionMask = 2147483647;
			files = (
			);
			runOnlyForDeploymentPostprocessing = 0;
		};
/* End PBXFrameworksBuildPhase section */

/* Begin PBXGroup section */
		7D8FFF852AB67971002784CF = {
			isa = PBXGroup;
			children = (
				7D8FFF902AB67971002784CF /* AluraViagens */,
				7D8FFF8F2AB67971002784CF /* Products */,
			);
			sourceTree = "<group>";
		};
		7D8FFF8F2AB67971002784CF /* Products */ = {
			isa = PBXGroup;
			children = (
				7D8FFF8E2AB67971002784CF /* AluraViagens.app */,
			);
			name = Products;
			sourceTree = "<group>";
		};
		7D8FFF902AB67971002784CF /* AluraViagens */ = {
			isa = PBXGroup;
			children = (
				7D8FFF912AB67971002784CF /* AppDelegate.swift */,
				7D8FFF932AB67971002784CF /* SceneDelegate.swift */,
				7D8FFF952AB67971002784CF /* ViewController.swift */,
				7D8FFF972AB67971002784CF /* Main.storyboard */,
				7D8FFF9A2AB67973002784CF /* Assets.xcassets */,
				7D8FFF9C2AB67973002784CF /* LaunchScreen.storyboard */,
				7D8FFF9F2AB67973002784CF /* Info.plist */,
				7D8FFFA52AB7BE1B002784CF /* HomeTableViewHeader.xib */,
				7D8FFFA72AB7C18A002784CF /* HomeTableViewHeader.swift */,
			);
			path = AluraViagens;
			sourceTree = "<group>";
		};
/* End PBXGroup section */

/* Begin PBXNativeTarget section */
		7D8FFF8D2AB67971002784CF /* AluraViagens */ = {
			isa = PBXNativeTarget;
			buildConfigurationList = 7D8FFFA22AB67973002784CF /* Build configuration list for PBXNativeTarget "AluraViagens" */;
			buildPhases = (
				7D8FFF8A2AB67971002784CF /* Sources */,
				7D8FFF8B2AB67971002784CF /* Frameworks */,
				7D8FFF8C2AB67971002784CF /* Resources */,
			);
			buildRules = (
			);
			dependencies = (
			);
			name = AluraViagens;
			productName = AluraViagens;
			productReference = 7D8FFF8E2AB67971002784CF /* AluraViagens.app */;
			productType = "com.apple.product-type.application";
		};
/* End PBXNativeTarget section */

/* Begin PBXProject section */
		7D8FFF862AB67971002784CF /* Project object */ = {
			isa = PBXProject;
			attributes = {
				BuildIndependentTargetsInParallel = 1;
				LastSwiftUpdateCheck = 1430;
				LastUpgradeCheck = 1430;
				TargetAttributes = {
					7D8FFF8D2AB67971002784CF = {
						CreatedOnToolsVersion = 14.3.1;
					};
				};
			};
			buildConfigurationList = 7D8FFF892AB67971002784CF /* Build configuration list for PBXProject "AluraViagens" */;
			compatibilityVersion = "Xcode 14.0";
			developmentRegion = en;
			hasScannedForEncodings = 0;
			knownRegions = (
				en,
				Base,
			);
			mainGroup = 7D8FFF852AB67971002784CF;
			productRefGroup = 7D8FFF8F2AB67971002784CF /* Products */;
			projectDirPath = "";
			projectRoot = "";
			targets = (
				7D8FFF8D2AB67971002784CF /* AluraViagens */,
			);
		};
/* End PBXProject section */

/* Begin PBXResourcesBuildPhase section */
		7D8FFF8C2AB67971002784CF /* Resources */ = {
			isa = PBXResourcesBuildPhase;
			buildActionMask = 2147483647;
			files = (
				7D8FFF9E2AB67973002784CF /* LaunchScreen.storyboard in Resources */,
				7D8FFFA62AB7BE1B002784CF /* HomeTableViewHeader.xib in Resources */,
				7D8FFF9B2AB67973002784CF /* Assets.xcassets in Resources */,
				7D8FFF992AB67971002784CF /* Main.storyboard in Resources */,
			);
			runOnlyForDeploymentPostprocessing = 0;
		};
/* End PBXResourcesBuildPhase section */

/* Begin PBXSourcesBuildPhase section */
		7D8FFF8A2AB67971002784CF /* Sources */ = {
			isa = PBXSourcesBuildPhase;
			buildActionMask = 2147483647;
			files = (
				7D8FFF962AB67971002784CF /* ViewController.swift in Sources */,
				7D8FFFA82AB7C18A002784CF /* HomeTableViewHeader.swift in Sources */,
				7D8FFF922AB67971002784CF /* AppDelegate.swift in Sources */,
				7D8FFF942AB67971002784CF /* SceneDelegate.swift in Sources */,
			);
			runOnlyForDeploymentPostprocessing = 0;
		};
/* End PBXSourcesBuildPhase section */

/* Begin PBXVariantGroup section */
		7D8FFF972AB67971002784CF /* Main.storyboard */ = {
			isa = PBXVariantGroup;
			children = (
				7D8FFF982AB67971002784CF /* Base */,
			);
			name = Main.storyboard;
			sourceTree = "<group>";
		};
		7D8FFF9C2AB67973002784CF /* LaunchScreen.storyboard */ = {
			isa = PBXVariantGroup;
			children = (
				7D8FFF9D2AB67973002784CF /* Base */,
			);
			name = LaunchScreen.storyboard;
			sourceTree = "<group>";
		};
/* End PBXVariantGroup section */

/* Begin XCBuildConfiguration section */
		7D8FFFA02AB67973002784CF /* Debug */ = {
			isa = XCBuildConfiguration;
			buildSettings = {
				ALWAYS_SEARCH_USER_PATHS = NO;
				CLANG_ANALYZER_NONNULL = YES;
				CLANG_ANALYZER_NUMBER_OBJECT_CONVERSION = YES_AGGRESSIVE;
				CLANG_CXX_LANGUAGE_STANDARD = "gnu++20";
				CLANG_ENABLE_MODULES = YES;
				CLANG_ENABLE_OBJC_ARC = YES;
				CLANG_ENABLE_OBJC_WEAK = YES;
				CLANG_WARN_BLOCK_CAPTURE_AUTORELEASING = YES;
				CLANG_WARN_BOOL_CONVERSION = YES;
				CLANG_WARN_COMMA = YES;
				CLANG_WARN_CONSTANT_CONVERSION = YES;
				CLANG_WARN_DEPRECATED_OBJC_IMPLEMENTATIONS = YES;
				CLANG_WARN_DIRECT_OBJC_ISA_USAGE = YES_ERROR;
				CLANG_WARN_DOCUMENTATION_COMMENTS = YES;
				CLANG_WARN_EMPTY_BODY = YES;
				CLANG_WARN_ENUM_CONVERSION = YES;
				CLANG_WARN_INFINITE_RECURSION = YES;
				CLANG_WARN_INT_CONVERSION = YES;
				CLANG_WARN_NON_LITERAL_NULL_CONVERSION = YES;
				CLANG_WARN_OBJC_IMPLICIT_RETAIN_SELF = YES;
				CLANG_WARN_OBJC_LITERAL_CONVERSION = YES;
				CLANG_WARN_OBJC_ROOT_CLASS = YES_ERROR;
				CLANG_WARN_QUOTED_INCLUDE_IN_FRAMEWORK_HEADER = YES;
				CLANG_WARN_RANGE_LOOP_ANALYSIS = YES;
				CLANG_WARN_STRICT_PROTOTYPES = YES;
				CLANG_WARN_SUSPICIOUS_MOVE = YES;
				CLANG_WARN_UNGUARDED_AVAILABILITY = YES_AGGRESSIVE;
				CLANG_WARN_UNREACHABLE_CODE = YES;
				CLANG_WARN__DUPLICATE_METHOD_MATCH = YES;
				COPY_PHASE_STRIP = NO;
				DEBUG_INFORMATION_FORMAT = dwarf;
				ENABLE_STRICT_OBJC_MSGSEND = YES;
				ENABLE_TESTABILITY = YES;
				GCC_C_LANGUAGE_STANDARD = gnu11;
				GCC_DYNAMIC_NO_PIC = NO;
				GCC_NO_COMMON_BLOCKS = YES;
				GCC_OPTIMIZATION_LEVEL = 0;
				GCC_PREPROCESSOR_DEFINITIONS = (
					"DEBUG=1",
					"$(inherited)",
				);
				GCC_WARN_64_TO_32_BIT_CONVERSION = YES;
				GCC_WARN_ABOUT_RETURN_TYPE = YES_ERROR;
				GCC_WARN_UNDECLARED_SELECTOR = YES;
				GCC_WARN_UNINITIALIZED_AUTOS = YES_AGGRESSIVE;
				GCC_WARN_UNUSED_FUNCTION = YES;
				GCC_WARN_UNUSED_VARIABLE = YES;
				IPHONEOS_DEPLOYMENT_TARGET = 16.4;
				MTL_ENABLE_DEBUG_INFO = INCLUDE_SOURCE;
				MTL_FAST_MATH = YES;
				ONLY_ACTIVE_ARCH = YES;
				SDKROOT = iphoneos;
				SWIFT_ACTIVE_COMPILATION_CONDITIONS = DEBUG;
				SWIFT_OPTIMIZATION_LEVEL = "-Onone";
			};
			name = Debug;
		};
		7D8FFFA12AB67973002784CF /* Release */ = {
			isa = XCBuildConfiguration;
			buildSettings = {
				ALWAYS_SEARCH_USER_PATHS = NO;
				CLANG_ANALYZER_NONNULL = YES;
				CLANG_ANALYZER_NUMBER_OBJECT_CONVERSION = YES_AGGRESSIVE;
				CLANG_CXX_LANGUAGE_STANDARD = "gnu++20";
				CLANG_ENABLE_MODULES = YES;
				CLANG_ENABLE_OBJC_ARC = YES;
				CLANG_ENABLE_OBJC_WEAK = YES;
				CLANG_WARN_BLOCK_CAPTURE_AUTORELEASING = YES;
				CLANG_WARN_BOOL_CONVERSION = YES;
				CLANG_WARN_COMMA = YES;
				CLANG_WARN_CONSTANT_CONVERSION = YES;
				CLANG_WARN_DEPRECATED_OBJC_IMPLEMENTATIONS = YES;
				CLANG_WARN_DIRECT_OBJC_ISA_USAGE = YES_ERROR;
				CLANG_WARN_DOCUMENTATION_COMMENTS = YES;
				CLANG_WARN_EMPTY_BODY = YES;
				CLANG_WARN_ENUM_CONVERSION = YES;
				CLANG_WARN_INFINITE_RECURSION = YES;
				CLANG_WARN_INT_CONVERSION = YES;
				CLANG_WARN_NON_LITERAL_NULL_CONVERSION = YES;
				CLANG_WARN_OBJC_IMPLICIT_RETAIN_SELF = YES;
				CLANG_WARN_OBJC_LITERAL_CONVERSION = YES;
				CLANG_WARN_OBJC_ROOT_CLASS = YES_ERROR;
				CLANG_WARN_QUOTED_INCLUDE_IN_FRAMEWORK_HEADER = YES;
				CLANG_WARN_RANGE_LOOP_ANALYSIS = YES;
				CLANG_WARN_STRICT_PROTOTYPES = YES;
				CLANG_WARN_SUSPICIOUS_MOVE = YES;
				CLANG_WARN_UNGUARDED_AVAILABILITY = YES_AGGRESSIVE;
				CLANG_WARN_UNREACHABLE_CODE = YES;
				CLANG_WARN__DUPLICATE_METHOD_MATCH = YES;
				COPY_PHASE_STRIP = NO;
				DEBUG_INFORMATION_FORMAT = "dwarf-with-dsym";
				ENABLE_NS_ASSERTIONS = NO;
				ENABLE_STRICT_OBJC_MSGSEND = YES;
				GCC_C_LANGUAGE_STANDARD = gnu11;
				GCC_NO_COMMON_BLOCKS = YES;
				GCC_WARN_64_TO_32_BIT_CONVERSION = YES;
				GCC_WARN_ABOUT_RETURN_TYPE = YES_ERROR;
				GCC_WARN_UNDECLARED_SELECTOR = YES;
				GCC_WARN_UNINITIALIZED_AUTOS = YES_AGGRESSIVE;
				GCC_WARN_UNUSED_FUNCTION = YES;
				GCC_WARN_UNUSED_VARIABLE = YES;
				IPHONEOS_DEPLOYMENT_TARGET = 16.4;
				MTL_ENABLE_DEBUG_INFO = NO;
				MTL_FAST_MATH = YES;
				SDKROOT = iphoneos;
				SWIFT_COMPILATION_MODE = wholemodule;
				SWIFT_OPTIMIZATION_LEVEL = "-O";
				VALIDATE_PRODUCT = YES;
			};
			name = Release;
		};
		7D8FFFA32AB67973002784CF /* Debug */ = {
			isa = XCBuildConfiguration;
			buildSettings = {
				ASSETCATALOG_COMPILER_APPICON_NAME = AppIcon;
				ASSETCATALOG_COMPILER_GLOBAL_ACCENT_COLOR_NAME = AccentColor;
				CODE_SIGN_STYLE = Automatic;
				CURRENT_PROJECT_VERSION = 1;
				DEVELOPMENT_TEAM = J974G5Q3H8;
				GENERATE_INFOPLIST_FILE = YES;
				INFOPLIST_FILE = AluraViagens/Info.plist;
				INFOPLIST_KEY_UIApplicationSupportsIndirectInputEvents = YES;
				INFOPLIST_KEY_UILaunchStoryboardName = LaunchScreen;
				INFOPLIST_KEY_UIMainStoryboardFile = Main;
				INFOPLIST_KEY_UISupportedInterfaceOrientations_iPad = "UIInterfaceOrientationPortrait UIInterfaceOrientationPortraitUpsideDown UIInterfaceOrientationLandscapeLeft UIInterfaceOrientationLandscapeRight";
				INFOPLIST_KEY_UISupportedInterfaceOrientations_iPhone = "UIInterfaceOrientationPortrait UIInterfaceOrientationLandscapeLeft UIInterfaceOrientationLandscapeRight";
				LD_RUNPATH_SEARCH_PATHS = (
					"$(inherited)",
					"@executable_path/Frameworks",
				);
				MARKETING_VERSION = 1.0;
				PRODUCT_BUNDLE_IDENTIFIER = linconlrufino.AluraViagens;
				PRODUCT_NAME = "$(TARGET_NAME)";
				SWIFT_EMIT_LOC_STRINGS = YES;
				SWIFT_VERSION = 5.0;
				TARGETED_DEVICE_FAMILY = "1,2";
			};
			name = Debug;
		};
		7D8FFFA42AB67973002784CF /* Release */ = {
			isa = XCBuildConfiguration;
			buildSettings = {
				ASSETCATALOG_COMPILER_APPICON_NAME = AppIcon;
				ASSETCATALOG_COMPILER_GLOBAL_ACCENT_COLOR_NAME = AccentColor;
				CODE_SIGN_STYLE = Automatic;
				CURRENT_PROJECT_VERSION = 1;
				DEVELOPMENT_TEAM = J974G5Q3H8;
				GENERATE_INFOPLIST_FILE = YES;
				INFOPLIST_FILE = AluraViagens/Info.plist;
				INFOPLIST_KEY_UIApplicationSupportsIndirectInputEvents = YES;
				INFOPLIST_KEY_UILaunchStoryboardName = LaunchScreen;
				INFOPLIST_KEY_UIMainStoryboardFile = Main;
				INFOPLIST_KEY_UISupportedInterfaceOrientations_iPad = "UIInterfaceOrientationPortrait UIInterfaceOrientationPortraitUpsideDown UIInterfaceOrientationLandscapeLeft UIInterfaceOrientationLandscapeRight";
				INFOPLIST_KEY_UISupportedInterfaceOrientations_iPhone = "UIInterfaceOrientationPortrait UIInterfaceOrientationLandscapeLeft UIInterfaceOrientationLandscapeRight";
				LD_RUNPATH_SEARCH_PATHS = (
					"$(inherited)",
					"@executable_path/Frameworks",
				);
				MARKETING_VERSION = 1.0;
				PRODUCT_BUNDLE_IDENTIFIER = linconlrufino.AluraViagens;
				PRODUCT_NAME = "$(TARGET_NAME)";
				SWIFT_EMIT_LOC_STRINGS = YES;
				SWIFT_VERSION = 5.0;
				TARGETED_DEVICE_FAMILY = "1,2";
			};
			name = Release;
		};
/* End XCBuildConfiguration section */

/* Begin XCConfigurationList section */
		7D8FFF892AB67971002784CF /* Build configuration list for PBXProject "AluraViagens" */ = {
			isa = XCConfigurationList;
			buildConfigurations = (
				7D8FFFA02AB67973002784CF /* Debug */,
				7D8FFFA12AB67973002784CF /* Release */,
			);
			defaultConfigurationIsVisible = 0;
			defaultConfigurationName = Release;
		};
		7D8FFFA22AB67973002784CF /* Build configuration list for PBXNativeTarget "AluraViagens" */ = {
			isa = XCConfigurationList;
			buildConfigurations = (
				7D8FFFA32AB67973002784CF /* Debug */,
				7D8FFFA42AB67973002784CF /* Release */,
			);
			defaultConfigurationIsVisible = 0;
			defaultConfigurationName = Release;
		};
/* End XCConfigurationList section */
	};
	rootObject = 7D8FFF862AB67971002784CF /* Project object */;
}
